github.com/hamza-aloglu/GeneticAlgo-Go v0.1.0 h1:53kR9yj2Yg1gu234p+OaiQVxhbDbqf4vNPjOhXMzAxk=
github.com/hamza-aloglu/GeneticAlgo-Go v0.1.0/go.mod h1:8LacwHikabGOmI21Z/5g47xi8hN+tgO7cEqvFAENuW0=
github.com/hamza-aloglu/GeneticAlgo-Go v0.1.1 h1:k1CccubYZQK/KSGKrjN2+67vNRACkcvApgmKczlYUkI=
github.com/hamza-aloglu/GeneticAlgo-Go v0.1.1/go.mod h1:UEe4Hf+VSIBQiGgUlE2Kb9bpmtlp9az68XCOaNE5H3I=
